
Microsoft Visual Studio Solution File, Format Version 12.00
# Visual Studio Version 17
VisualStudioVersion = 17.1.32228.430
MinimumVisualStudioVersion = 10.0.40219.1
Project("{2150E333-8FDC-42A3-9474-1A3956D46DE8}") = "Services", "Services", "{831D8C64-7231-45DC-B96B-4C87FEDD8761}"
EndProject
Project("{2150E333-8FDC-42A3-9474-1A3956D46DE8}") = "Catalog", "Catalog", "{48572584-3157-41F2-9A8E-65642CB19B0F}"
EndProject
Project("{9A19103F-16F7-4668-BE54-9A1E7A4F7556}") = "MicroCloud.Services.Catalog", "Services\Catalog\MicroCloud.Services.Catalog\MicroCloud.Services.Catalog.csproj", "{7A7B7E48-0E52-4CDB-B40F-E320B74FB20E}"
EndProject
Project("{2150E333-8FDC-42A3-9474-1A3956D46DE8}") = "Shared", "Shared", "{ACF28A99-DC48-48F5-A05B-59146827949C}"
EndProject
Project("{9A19103F-16F7-4668-BE54-9A1E7A4F7556}") = "MicroCloud.Shared", "Shared\MicroCloud.Shared\MicroCloud.Shared.csproj", "{C119B769-7A19-46DB-B3D9-DBEAACD2EF63}"
EndProject
Project("{2150E333-8FDC-42A3-9474-1A3956D46DE8}") = "IdentityServer", "IdentityServer", "{83B2CC9D-B51B-4BC3-80B3-6A423F198227}"
EndProject
Project("{9A19103F-16F7-4668-BE54-9A1E7A4F7556}") = "MicroCloud.IdentityServer", "IdentityServer\MicroCloud.IdentityServer\MicroCloud.IdentityServer.csproj", "{7CAA5C39-BBAA-4943-89C7-56239BCA038B}"
EndProject
Project("{2150E333-8FDC-42A3-9474-1A3956D46DE8}") = "PhotoStock", "PhotoStock", "{1A48E753-81E0-4BD0-A3B6-1C9CFB402F8F}"
EndProject
Project("{9A19103F-16F7-4668-BE54-9A1E7A4F7556}") = "MicroCloud.Services.PhotoStock", "Services\PhotoStock\MicroCloud.Services.PhotoStock\MicroCloud.Services.PhotoStock.csproj", "{89A6C3C7-782F-41E4-890B-EDB121CFE4F8}"
EndProject
Project("{2150E333-8FDC-42A3-9474-1A3956D46DE8}") = "Basket", "Basket", "{2D1ACE7E-1EFE-4988-8CBA-867BDE7380E0}"
EndProject
Project("{9A19103F-16F7-4668-BE54-9A1E7A4F7556}") = "MicroCloud.Services.Basket", "Services\Basket\MicroCloud.Services.Basket\MicroCloud.Services.Basket.csproj", "{B0629603-7930-48DB-9F04-F31B3E76D0CF}"
EndProject
Project("{2150E333-8FDC-42A3-9474-1A3956D46DE8}") = "Discount", "Discount", "{9C810636-8679-45CB-AF85-9E15431454CF}"
EndProject
Project("{9A19103F-16F7-4668-BE54-9A1E7A4F7556}") = "MicroCloud.Services.Discount", "Services\Discount\MicroCloud.Services.Discount\MicroCloud.Services.Discount.csproj", "{DC7E113D-BB7A-46B3-ABD8-11B4EAC32687}"
EndProject
Project("{2150E333-8FDC-42A3-9474-1A3956D46DE8}") = "Order", "Order", "{7E16FA7A-6564-48E8-9E9F-88A1AFAA19A6}"
EndProject
Project("{9A19103F-16F7-4668-BE54-9A1E7A4F7556}") = "MicroCloud.Services.Order.API", "Services\Order\MicroCloud.Services.Order.API\MicroCloud.Services.Order.API.csproj", "{617FC0AA-F857-442F-BE5F-C318146D82EC}"
EndProject
Project("{9A19103F-16F7-4668-BE54-9A1E7A4F7556}") = "MicroCloud.Services.Order.Application", "Services\Order\MicroCloud.Services.Order.Application\MicroCloud.Services.Order.Application.csproj", "{9EBA47CA-10E9-400F-AF14-3380C518069A}"
EndProject
Project("{9A19103F-16F7-4668-BE54-9A1E7A4F7556}") = "MicroCloud.Services.Order.Domain", "Services\Order\MicroCloud.Services.Order.Domain\MicroCloud.Services.Order.Domain.csproj", "{5D86DC99-96DB-4310-9CD0-5B0994FBD90B}"
EndProject
Project("{9A19103F-16F7-4668-BE54-9A1E7A4F7556}") = "MicroCloud.Services.Order.Domain.Core", "Services\Order\MicroCloud.Services.Order.Domain.Core\MicroCloud.Services.Order.Domain.Core.csproj", "{04D5F2F5-0DED-4D50-B755-3CDAE92D2E45}"
EndProject
Project("{9A19103F-16F7-4668-BE54-9A1E7A4F7556}") = "MicroCloud.Services.Order.Infrastructure", "Services\Order\MicroCloud.Services.Order.Infrastructure\MicroCloud.Services.Order.Infrastructure.csproj", "{AF877876-8B48-41A8-AC6A-95F0CEFDA6FC}"
EndProject
Project("{2150E333-8FDC-42A3-9474-1A3956D46DE8}") = "FakePayment", "FakePayment", "{F31C4B45-D1B1-42B2-BBD8-AD12AA57E828}"
EndProject
Project("{FAE04EC0-301F-11D3-BF4B-00C04F79EFBC}") = "MicroCloud.Services.FakePayment", "Services\FakePayment\MicroCloud.Services.FakePayment\MicroCloud.Services.FakePayment.csproj", "{E1A26BA2-AB39-4F17-8A7B-EE96CF86EC5B}"
EndProject
Global
	GlobalSection(SolutionConfigurationPlatforms) = preSolution
		Debug|Any CPU = Debug|Any CPU
		Release|Any CPU = Release|Any CPU
	EndGlobalSection
	GlobalSection(ProjectConfigurationPlatforms) = postSolution
		{7A7B7E48-0E52-4CDB-B40F-E320B74FB20E}.Debug|Any CPU.ActiveCfg = Debug|Any CPU
		{7A7B7E48-0E52-4CDB-B40F-E320B74FB20E}.Debug|Any CPU.Build.0 = Debug|Any CPU
		{7A7B7E48-0E52-4CDB-B40F-E320B74FB20E}.Release|Any CPU.ActiveCfg = Release|Any CPU
		{7A7B7E48-0E52-4CDB-B40F-E320B74FB20E}.Release|Any CPU.Build.0 = Release|Any CPU
		{C119B769-7A19-46DB-B3D9-DBEAACD2EF63}.Debug|Any CPU.ActiveCfg = Debug|Any CPU
		{C119B769-7A19-46DB-B3D9-DBEAACD2EF63}.Debug|Any CPU.Build.0 = Debug|Any CPU
		{C119B769-7A19-46DB-B3D9-DBEAACD2EF63}.Release|Any CPU.ActiveCfg = Release|Any CPU
		{C119B769-7A19-46DB-B3D9-DBEAACD2EF63}.Release|Any CPU.Build.0 = Release|Any CPU
		{7CAA5C39-BBAA-4943-89C7-56239BCA038B}.Debug|Any CPU.ActiveCfg = Debug|Any CPU
		{7CAA5C39-BBAA-4943-89C7-56239BCA038B}.Debug|Any CPU.Build.0 = Debug|Any CPU
		{7CAA5C39-BBAA-4943-89C7-56239BCA038B}.Release|Any CPU.ActiveCfg = Release|Any CPU
		{7CAA5C39-BBAA-4943-89C7-56239BCA038B}.Release|Any CPU.Build.0 = Release|Any CPU
		{89A6C3C7-782F-41E4-890B-EDB121CFE4F8}.Debug|Any CPU.ActiveCfg = Debug|Any CPU
		{89A6C3C7-782F-41E4-890B-EDB121CFE4F8}.Debug|Any CPU.Build.0 = Debug|Any CPU
		{89A6C3C7-782F-41E4-890B-EDB121CFE4F8}.Release|Any CPU.ActiveCfg = Release|Any CPU
		{89A6C3C7-782F-41E4-890B-EDB121CFE4F8}.Release|Any CPU.Build.0 = Release|Any CPU
		{B0629603-7930-48DB-9F04-F31B3E76D0CF}.Debug|Any CPU.ActiveCfg = Debug|Any CPU
		{B0629603-7930-48DB-9F04-F31B3E76D0CF}.Debug|Any CPU.Build.0 = Debug|Any CPU
		{B0629603-7930-48DB-9F04-F31B3E76D0CF}.Release|Any CPU.ActiveCfg = Release|Any CPU
		{B0629603-7930-48DB-9F04-F31B3E76D0CF}.Release|Any CPU.Build.0 = Release|Any CPU
		{DC7E113D-BB7A-46B3-ABD8-11B4EAC32687}.Debug|Any CPU.ActiveCfg = Debug|Any CPU
		{DC7E113D-BB7A-46B3-ABD8-11B4EAC32687}.Debug|Any CPU.Build.0 = Debug|Any CPU
		{DC7E113D-BB7A-46B3-ABD8-11B4EAC32687}.Release|Any CPU.ActiveCfg = Release|Any CPU
		{DC7E113D-BB7A-46B3-ABD8-11B4EAC32687}.Release|Any CPU.Build.0 = Release|Any CPU
		{617FC0AA-F857-442F-BE5F-C318146D82EC}.Debug|Any CPU.ActiveCfg = Debug|Any CPU
		{617FC0AA-F857-442F-BE5F-C318146D82EC}.Debug|Any CPU.Build.0 = Debug|Any CPU
		{617FC0AA-F857-442F-BE5F-C318146D82EC}.Release|Any CPU.ActiveCfg = Release|Any CPU
		{617FC0AA-F857-442F-BE5F-C318146D82EC}.Release|Any CPU.Build.0 = Release|Any CPU
		{9EBA47CA-10E9-400F-AF14-3380C518069A}.Debug|Any CPU.ActiveCfg = Debug|Any CPU
		{9EBA47CA-10E9-400F-AF14-3380C518069A}.Debug|Any CPU.Build.0 = Debug|Any CPU
		{9EBA47CA-10E9-400F-AF14-3380C518069A}.Release|Any CPU.ActiveCfg = Release|Any CPU
		{9EBA47CA-10E9-400F-AF14-3380C518069A}.Release|Any CPU.Build.0 = Release|Any CPU
		{5D86DC99-96DB-4310-9CD0-5B0994FBD90B}.Debug|Any CPU.ActiveCfg = Debug|Any CPU
		{5D86DC99-96DB-4310-9CD0-5B0994FBD90B}.Debug|Any CPU.Build.0 = Debug|Any CPU
		{5D86DC99-96DB-4310-9CD0-5B0994FBD90B}.Release|Any CPU.ActiveCfg = Release|Any CPU
		{5D86DC99-96DB-4310-9CD0-5B0994FBD90B}.Release|Any CPU.Build.0 = Release|Any CPU
		{04D5F2F5-0DED-4D50-B755-3CDAE92D2E45}.Debug|Any CPU.ActiveCfg = Debug|Any CPU
		{04D5F2F5-0DED-4D50-B755-3CDAE92D2E45}.Debug|Any CPU.Build.0 = Debug|Any CPU
		{04D5F2F5-0DED-4D50-B755-3CDAE92D2E45}.Release|Any CPU.ActiveCfg = Release|Any CPU
		{04D5F2F5-0DED-4D50-B755-3CDAE92D2E45}.Release|Any CPU.Build.0 = Release|Any CPU
		{AF877876-8B48-41A8-AC6A-95F0CEFDA6FC}.Debug|Any CPU.ActiveCfg = Debug|Any CPU
		{AF877876-8B48-41A8-AC6A-95F0CEFDA6FC}.Debug|Any CPU.Build.0 = Debug|Any CPU
		{AF877876-8B48-41A8-AC6A-95F0CEFDA6FC}.Release|Any CPU.ActiveCfg = Release|Any CPU
		{AF877876-8B48-41A8-AC6A-95F0CEFDA6FC}.Release|Any CPU.Build.0 = Release|Any CPU
		{E1A26BA2-AB39-4F17-8A7B-EE96CF86EC5B}.Debug|Any CPU.ActiveCfg = Debug|Any CPU
		{E1A26BA2-AB39-4F17-8A7B-EE96CF86EC5B}.Debug|Any CPU.Build.0 = Debug|Any CPU
		{E1A26BA2-AB39-4F17-8A7B-EE96CF86EC5B}.Release|Any CPU.ActiveCfg = Release|Any CPU
		{E1A26BA2-AB39-4F17-8A7B-EE96CF86EC5B}.Release|Any CPU.Build.0 = Release|Any CPU
	EndGlobalSection
	GlobalSection(SolutionProperties) = preSolution
		HideSolutionNode = FALSE
	EndGlobalSection
	GlobalSection(NestedProjects) = preSolution
		{48572584-3157-41F2-9A8E-65642CB19B0F} = {831D8C64-7231-45DC-B96B-4C87FEDD8761}
		{7A7B7E48-0E52-4CDB-B40F-E320B74FB20E} = {48572584-3157-41F2-9A8E-65642CB19B0F}
		{C119B769-7A19-46DB-B3D9-DBEAACD2EF63} = {ACF28A99-DC48-48F5-A05B-59146827949C}
		{7CAA5C39-BBAA-4943-89C7-56239BCA038B} = {83B2CC9D-B51B-4BC3-80B3-6A423F198227}
		{1A48E753-81E0-4BD0-A3B6-1C9CFB402F8F} = {831D8C64-7231-45DC-B96B-4C87FEDD8761}
		{89A6C3C7-782F-41E4-890B-EDB121CFE4F8} = {1A48E753-81E0-4BD0-A3B6-1C9CFB402F8F}
		{2D1ACE7E-1EFE-4988-8CBA-867BDE7380E0} = {831D8C64-7231-45DC-B96B-4C87FEDD8761}
		{B0629603-7930-48DB-9F04-F31B3E76D0CF} = {2D1ACE7E-1EFE-4988-8CBA-867BDE7380E0}
		{9C810636-8679-45CB-AF85-9E15431454CF} = {831D8C64-7231-45DC-B96B-4C87FEDD8761}
		{DC7E113D-BB7A-46B3-ABD8-11B4EAC32687} = {9C810636-8679-45CB-AF85-9E15431454CF}
		{7E16FA7A-6564-48E8-9E9F-88A1AFAA19A6} = {831D8C64-7231-45DC-B96B-4C87FEDD8761}
		{617FC0AA-F857-442F-BE5F-C318146D82EC} = {7E16FA7A-6564-48E8-9E9F-88A1AFAA19A6}
		{9EBA47CA-10E9-400F-AF14-3380C518069A} = {7E16FA7A-6564-48E8-9E9F-88A1AFAA19A6}
		{5D86DC99-96DB-4310-9CD0-5B0994FBD90B} = {7E16FA7A-6564-48E8-9E9F-88A1AFAA19A6}
		{04D5F2F5-0DED-4D50-B755-3CDAE92D2E45} = {7E16FA7A-6564-48E8-9E9F-88A1AFAA19A6}
		{AF877876-8B48-41A8-AC6A-95F0CEFDA6FC} = {7E16FA7A-6564-48E8-9E9F-88A1AFAA19A6}
		{F31C4B45-D1B1-42B2-BBD8-AD12AA57E828} = {831D8C64-7231-45DC-B96B-4C87FEDD8761}
		{E1A26BA2-AB39-4F17-8A7B-EE96CF86EC5B} = {F31C4B45-D1B1-42B2-BBD8-AD12AA57E828}
	EndGlobalSection
	GlobalSection(ExtensibilityGlobals) = postSolution
		SolutionGuid = {293CB20F-4226-4258-846E-D962367DFC7E}
	EndGlobalSection
EndGlobal
